{
  "name": "nugawiki",
  "version": "0.2.0",
  "lockfileVersion": 3,
  "requires": true,
  "packages": {
    "": {
      "name": "nugawiki",
      "version": "0.2.0",
      "license": "UNLICENSED",
      "dependencies": {
        "@notionhq/client": "^5.23.1"
      },
      "engines": {
        "node": ">=20"
      }
    },
    "node_modules/@notionhq/client": {
      "version": "5.23.2",
      "resolved": "https://registry.npmjs.org/@notionhq/client/-/client-5.23.2.tgz",
      "integrity": "sha512-iyD5VU9MoNxCR0GespotyrMlBpO4kLG+BaZK2JpZW1yfFqrmOYmZGb3wl4xqfq3n1Z9eekFwNcZD6t63SaESig==",
      "license": "MIT",
      "engines": {
        "node": ">=18"
      }
    }
  }
}
